
Microsoft Visual Studio Solution File, Format Version 12.00
# Visual Studio 15
VisualStudioVersion = 15.0.27130.2036
MinimumVisualStudioVersion = 10.0.40219.1
Project("{FAE04EC0-301F-11D3-BF4B-00C04F79EFBC}") = "AirTrafficMonitoring", "AirTrafficMonitoring\AirTrafficMonitoring.csproj", "{AF7E22FF-4EFC-46DD-851F-B7412CB28082}"
EndProject
Project("{FAE04EC0-301F-11D3-BF4B-00C04F79EFBC}") = "AirTrafficMonitoringUnitTest", "AirTrafficMonitoringUnitTest\AirTrafficMonitoringUnitTest.csproj", "{D6264E7C-9B48-4D9A-9C8C-9D81A4539DAC}"
EndProject
Project("{FAE04EC0-301F-11D3-BF4B-00C04F79EFBC}") = "AirTrafficMonitoring.Application", "AirTrafficMonitoring.Application\AirTrafficMonitoring.Application.csproj", "{6D42FC39-A15C-4CA1-8177-04360DC9EE55}"
EndProject
Project("{FAE04EC0-301F-11D3-BF4B-00C04F79EFBC}") = "AirTrafficMonitoring.Configuration", "AirTrafficMonitoring.Configuration\AirTrafficMonitoring.Configuration.csproj", "{9822CB62-C9FF-4060-9E00-17B2F669BECB}"
EndProject
Global
	GlobalSection(SolutionConfigurationPlatforms) = preSolution
		Debug|Any CPU = Debug|Any CPU
		Release|Any CPU = Release|Any CPU
	EndGlobalSection
	GlobalSection(ProjectConfigurationPlatforms) = postSolution
		{AF7E22FF-4EFC-46DD-851F-B7412CB28082}.Debug|Any CPU.ActiveCfg = Debug|Any CPU
		{AF7E22FF-4EFC-46DD-851F-B7412CB28082}.Debug|Any CPU.Build.0 = Debug|Any CPU
		{AF7E22FF-4EFC-46DD-851F-B7412CB28082}.Release|Any CPU.ActiveCfg = Release|Any CPU
		{AF7E22FF-4EFC-46DD-851F-B7412CB28082}.Release|Any CPU.Build.0 = Release|Any CPU
		{D6264E7C-9B48-4D9A-9C8C-9D81A4539DAC}.Debug|Any CPU.ActiveCfg = Debug|Any CPU
		{D6264E7C-9B48-4D9A-9C8C-9D81A4539DAC}.Debug|Any CPU.Build.0 = Debug|Any CPU
		{D6264E7C-9B48-4D9A-9C8C-9D81A4539DAC}.Release|Any CPU.ActiveCfg = Release|Any CPU
		{D6264E7C-9B48-4D9A-9C8C-9D81A4539DAC}.Release|Any CPU.Build.0 = Release|Any CPU
		{6D42FC39-A15C-4CA1-8177-04360DC9EE55}.Debug|Any CPU.ActiveCfg = Debug|Any CPU
		{6D42FC39-A15C-4CA1-8177-04360DC9EE55}.Debug|Any CPU.Build.0 = Debug|Any CPU
		{6D42FC39-A15C-4CA1-8177-04360DC9EE55}.Release|Any CPU.ActiveCfg = Release|Any CPU
		{6D42FC39-A15C-4CA1-8177-04360DC9EE55}.Release|Any CPU.Build.0 = Release|Any CPU
		{9822CB62-C9FF-4060-9E00-17B2F669BECB}.Debug|Any CPU.ActiveCfg = Debug|Any CPU
		{9822CB62-C9FF-4060-9E00-17B2F669BECB}.Debug|Any CPU.Build.0 = Debug|Any CPU
		{9822CB62-C9FF-4060-9E00-17B2F669BECB}.Release|Any CPU.ActiveCfg = Release|Any CPU
		{9822CB62-C9FF-4060-9E00-17B2F669BECB}.Release|Any CPU.Build.0 = Release|Any CPU
	EndGlobalSection
	GlobalSection(SolutionProperties) = preSolution
		HideSolutionNode = FALSE
	EndGlobalSection
	GlobalSection(ExtensibilityGlobals) = postSolution
		SolutionGuid = {E7EEE60A-4580-4604-B262-862D13C8F5D6}
	EndGlobalSection
EndGlobal
